
Microsoft Visual Studio Solution File, Format Version 12.00
# Visual Studio 15
VisualStudioVersion = 15.0.26730.8
MinimumVisualStudioVersion = 10.0.40219.1
Project("{FAE04EC0-301F-11D3-BF4B-00C04F79EFBC}") = "SeaMonster.Data-CLW", "SeaMonster.Data-CLW\SeaMonster.Data-CLW.csproj", "{7F7EEFC9-EDA8-49B2-B2E5-D7546556C3FD}"
EndProject
Project("{FAE04EC0-301F-11D3-BF4B-00C04F79EFBC}") = "SeaMonster.Models", "SeaMonster.Models\SeaMonster.Models.csproj", "{1CCBD3B1-5362-472B-8F35-BAD769736DB4}"
EndProject
Global
	GlobalSection(SolutionConfigurationPlatforms) = preSolution
		Debug|Any CPU = Debug|Any CPU
		Release|Any CPU = Release|Any CPU
	EndGlobalSection
	GlobalSection(ProjectConfigurationPlatforms) = postSolution
		{7F7EEFC9-EDA8-49B2-B2E5-D7546556C3FD}.Debug|Any CPU.ActiveCfg = Debug|Any CPU
		{7F7EEFC9-EDA8-49B2-B2E5-D7546556C3FD}.Debug|Any CPU.Build.0 = Debug|Any CPU
		{7F7EEFC9-EDA8-49B2-B2E5-D7546556C3FD}.Release|Any CPU.ActiveCfg = Release|Any CPU
		{7F7EEFC9-EDA8-49B2-B2E5-D7546556C3FD}.Release|Any CPU.Build.0 = Release|Any CPU
		{1CCBD3B1-5362-472B-8F35-BAD769736DB4}.Debug|Any CPU.ActiveCfg = Debug|Any CPU
		{1CCBD3B1-5362-472B-8F35-BAD769736DB4}.Debug|Any CPU.Build.0 = Debug|Any CPU
		{1CCBD3B1-5362-472B-8F35-BAD769736DB4}.Release|Any CPU.ActiveCfg = Release|Any CPU
		{1CCBD3B1-5362-472B-8F35-BAD769736DB4}.Release|Any CPU.Build.0 = Release|Any CPU
	EndGlobalSection
	GlobalSection(SolutionProperties) = preSolution
		HideSolutionNode = FALSE
	EndGlobalSection
	GlobalSection(ExtensibilityGlobals) = postSolution
		SolutionGuid = {7C1D45C5-EEF3-4FB1-A492-37370DE04E7D}
	EndGlobalSection
EndGlobal
